
Microsoft Visual Studio Solution File, Format Version 12.00
# Visual Studio Version 17
VisualStudioVersion = 17.2.32630.192
MinimumVisualStudioVersion = 10.0.40219.1
Project("{9A19103F-16F7-4668-BE54-9A1E7A4F7556}") = "VMNS", "VMNS\VMNS.csproj", "{0B1167A7-40E7-4656-9E70-BD9E70DDCF0C}"
EndProject
Global
	GlobalSection(SolutionConfigurationPlatforms) = preSolution
		Debug|Any CPU = Debug|Any CPU
		Release|Any CPU = Release|Any CPU
	EndGlobalSection
	GlobalSection(ProjectConfigurationPlatforms) = postSolution
		{0B1167A7-40E7-4656-9E70-BD9E70DDCF0C}.Debug|Any CPU.ActiveCfg = Debug|Any CPU
		{0B1167A7-40E7-4656-9E70-BD9E70DDCF0C}.Debug|Any CPU.Build.0 = Debug|Any CPU
		{0B1167A7-40E7-4656-9E70-BD9E70DDCF0C}.Release|Any CPU.ActiveCfg = Release|Any CPU
		{0B1167A7-40E7-4656-9E70-BD9E70DDCF0C}.Release|Any CPU.Build.0 = Release|Any CPU
	EndGlobalSection
	GlobalSection(SolutionProperties) = preSolution
		HideSolutionNode = FALSE
	EndGlobalSection
	GlobalSection(ExtensibilityGlobals) = postSolution
		SolutionGuid = {015B00FD-C944-487A-9E24-42FB2631053A}
	EndGlobalSection
EndGlobal
